
Microsoft Visual Studio Solution File, Format Version 12.00
# Visual Studio 15
VisualStudioVersion = 15.0.27130.2003
MinimumVisualStudioVersion = 10.0.40219.1
Project("{FAE04EC0-301F-11D3-BF4B-00C04F79EFBC}") = "TVTestForm", "TVTestForm\TVTestForm.csproj", "{1DD64631-821D-42F5-86C1-3E962FE7165D}"
EndProject
Global
	GlobalSection(SolutionConfigurationPlatforms) = preSolution
		Debug|Any CPU = Debug|Any CPU
		Release|Any CPU = Release|Any CPU
	EndGlobalSection
	GlobalSection(ProjectConfigurationPlatforms) = postSolution
		{1DD64631-821D-42F5-86C1-3E962FE7165D}.Debug|Any CPU.ActiveCfg = Debug|Any CPU
		{1DD64631-821D-42F5-86C1-3E962FE7165D}.Debug|Any CPU.Build.0 = Debug|Any CPU
		{1DD64631-821D-42F5-86C1-3E962FE7165D}.Release|Any CPU.ActiveCfg = Release|Any CPU
		{1DD64631-821D-42F5-86C1-3E962FE7165D}.Release|Any CPU.Build.0 = Release|Any CPU
	EndGlobalSection
	GlobalSection(SolutionProperties) = preSolution
		HideSolutionNode = FALSE
	EndGlobalSection
	GlobalSection(ExtensibilityGlobals) = postSolution
		SolutionGuid = {4743A0ED-B75D-420A-8D4A-98844D279AFD}
	EndGlobalSection
EndGlobal
